
Microsoft Visual Studio Solution File, Format Version 12.00
# Visual Studio Version 17
VisualStudioVersion = 17.8.34525.116
MinimumVisualStudioVersion = 10.0.40219.1
Project("{FAE04EC0-301F-11D3-BF4B-00C04F79EFBC}") = "Тетрис", "Тетрис.csproj", "{9D59D8AB-B540-44B2-9916-6D338B924D91}"
EndProject
Global
	GlobalSection(SolutionConfigurationPlatforms) = preSolution
		Debug|Any CPU = Debug|Any CPU
		Release|Any CPU = Release|Any CPU
	EndGlobalSection
	GlobalSection(ProjectConfigurationPlatforms) = postSolution
		{9D59D8AB-B540-44B2-9916-6D338B924D91}.Debug|Any CPU.ActiveCfg = Debug|Any CPU
		{9D59D8AB-B540-44B2-9916-6D338B924D91}.Debug|Any CPU.Build.0 = Debug|Any CPU
		{9D59D8AB-B540-44B2-9916-6D338B924D91}.Release|Any CPU.ActiveCfg = Release|Any CPU
		{9D59D8AB-B540-44B2-9916-6D338B924D91}.Release|Any CPU.Build.0 = Release|Any CPU
	EndGlobalSection
	GlobalSection(SolutionProperties) = preSolution
		HideSolutionNode = FALSE
	EndGlobalSection
	GlobalSection(ExtensibilityGlobals) = postSolution
		SolutionGuid = {1F5B260D-3136-4670-AA38-EEBA1A43A7FB}
	EndGlobalSection
EndGlobal
